
Microsoft Visual Studio Solution File, Format Version 12.00
# Visual Studio Version 16
VisualStudioVersion = 16.0.31205.134
MinimumVisualStudioVersion = 10.0.40219.1
Project("{FAE04EC0-301F-11D3-BF4B-00C04F79EFBC}") = "DomCS", "DomCS\DomCS.csproj", "{96FDA49B-DC45-491B-AAEB-2586EF6A3CAF}"
EndProject
Global
	GlobalSection(SolutionConfigurationPlatforms) = preSolution
		Debug|Any CPU = Debug|Any CPU
		Release|Any CPU = Release|Any CPU
	EndGlobalSection
	GlobalSection(ProjectConfigurationPlatforms) = postSolution
		{96FDA49B-DC45-491B-AAEB-2586EF6A3CAF}.Debug|Any CPU.ActiveCfg = Debug|Any CPU
		{96FDA49B-DC45-491B-AAEB-2586EF6A3CAF}.Debug|Any CPU.Build.0 = Debug|Any CPU
		{96FDA49B-DC45-491B-AAEB-2586EF6A3CAF}.Release|Any CPU.ActiveCfg = Release|Any CPU
		{96FDA49B-DC45-491B-AAEB-2586EF6A3CAF}.Release|Any CPU.Build.0 = Release|Any CPU
	EndGlobalSection
	GlobalSection(SolutionProperties) = preSolution
		HideSolutionNode = FALSE
	EndGlobalSection
	GlobalSection(ExtensibilityGlobals) = postSolution
		SolutionGuid = {C7C2C18C-0589-43EA-8265-87EABB7632E0}
	EndGlobalSection
EndGlobal
